{
	"name": "langmail",
	"version": "0.2.0",
	"lockfileVersion": 3,
	"requires": true,
	"packages": {
		"": {
			"name": "langmail",
			"version": "0.2.0",
			"license": "MIT OR Apache-2.0",
			"devDependencies": {
				"@napi-rs/cli": "^2.18.0"
			},
			"engines": {
				"node": ">= 18"
			},
			"optionalDependencies": {
				"langmail-darwin-arm64": "0.2.0",
				"langmail-darwin-x64": "0.2.0",
				"langmail-linux-arm64-gnu": "0.2.0",
				"langmail-linux-x64-gnu": "0.2.0",
				"langmail-win32-x64-msvc": "0.2.0"
			}
		},
		"node_modules/@napi-rs/cli": {
			"version": "2.18.4",
			"resolved": "https://registry.npmjs.org/@napi-rs/cli/-/cli-2.18.4.tgz",
			"integrity": "sha512-SgJeA4df9DE2iAEpr3M2H0OKl/yjtg1BnRI5/JyowS71tUWhrfSu2LT0V3vlHET+g1hBVlrO60PmEXwUEKp8Mg==",
			"dev": true,
			"license": "MIT",
			"bin": {
				"napi": "scripts/index.js"
			},
			"engines": {
				"node": ">= 10"
			},
			"funding": {
				"type": "github",
				"url": "https://github.com/sponsors/Brooooooklyn"
			}
		},
		"node_modules/langmail-darwin-arm64": {
			"version": "0.2.0",
			"resolved": "https://registry.npmjs.org/langmail-darwin-arm64/-/langmail-darwin-arm64-0.2.0.tgz",
			"integrity": "sha512-bjNLQ9BwJCtPQL/coL6Nz7A6ewxndeCOrLBAxMIaRiWj8lnuHcJupArvAf+eTatNJvNoU6sfH88P/mDb3S9eMw==",
			"cpu": [
				"arm64"
			],
			"license": "MIT OR Apache-2.0",
			"optional": true,
			"os": [
				"darwin"
			],
			"engines": {
				"node": ">= 18"
			}
		},
		"node_modules/langmail-darwin-x64": {
			"version": "0.2.0",
			"resolved": "https://registry.npmjs.org/langmail-darwin-x64/-/langmail-darwin-x64-0.2.0.tgz",
			"integrity": "sha512-aqZqU9kL4/b3SYQw4sKKrG3U4nl6ncuJHcvFkdLBAgPT0UvFO83VIgrnOHcBL7x5BoQg3CJJSeltUMCcfbXhiA==",
			"cpu": [
				"x64"
			],
			"license": "MIT OR Apache-2.0",
			"optional": true,
			"os": [
				"darwin"
			],
			"engines": {
				"node": ">= 18"
			}
		},
		"node_modules/langmail-linux-arm64-gnu": {
			"version": "0.2.0",
			"resolved": "https://registry.npmjs.org/langmail-linux-arm64-gnu/-/langmail-linux-arm64-gnu-0.2.0.tgz",
			"integrity": "sha512-2/nOlBHIUaZVsA51jQwWl4+DGT+kftkzEm/I4I7iArX0bV0VA3oegsEqUktp9d/8C260SgtJRJeQeI5KBuNyuw==",
			"cpu": [
				"arm64"
			],
			"license": "MIT OR Apache-2.0",
			"optional": true,
			"os": [
				"linux"
			],
			"engines": {
				"node": ">= 18"
			}
		},
		"node_modules/langmail-linux-x64-gnu": {
			"version": "0.2.0",
			"resolved": "https://registry.npmjs.org/langmail-linux-x64-gnu/-/langmail-linux-x64-gnu-0.2.0.tgz",
			"integrity": "sha512-RO0lkeznvW9iAoWZ5DijECthT+m2+g+R+b/5FCaVBP9Vt77SK66beNlKbapal4fmUSqiU+XRgr597zkD6K3Gag==",
			"cpu": [
				"x64"
			],
			"license": "MIT OR Apache-2.0",
			"optional": true,
			"os": [
				"linux"
			],
			"engines": {
				"node": ">= 18"
			}
		},
		"node_modules/langmail-win32-x64-msvc": {
			"optional": true
		}
	}
}
