{
	"name": "langmail",
	"version": "0.2.1",
	"lockfileVersion": 3,
	"requires": true,
	"packages": {
		"": {
			"name": "langmail",
			"version": "0.2.1",
			"license": "MIT OR Apache-2.0",
			"devDependencies": {
				"@napi-rs/cli": "^2.18.0"
			},
			"engines": {
				"node": ">= 18"
			},
			"optionalDependencies": {
				"langmail-darwin-arm64": "0.2.1",
				"langmail-darwin-x64": "0.2.1",
				"langmail-linux-arm64-gnu": "0.2.1",
				"langmail-linux-x64-gnu": "0.2.1",
				"langmail-win32-x64-msvc": "0.2.1"
			}
		},
		"node_modules/@napi-rs/cli": {
			"version": "2.18.4",
			"resolved": "https://registry.npmjs.org/@napi-rs/cli/-/cli-2.18.4.tgz",
			"integrity": "sha512-SgJeA4df9DE2iAEpr3M2H0OKl/yjtg1BnRI5/JyowS71tUWhrfSu2LT0V3vlHET+g1hBVlrO60PmEXwUEKp8Mg==",
			"dev": true,
			"license": "MIT",
			"bin": {
				"napi": "scripts/index.js"
			},
			"engines": {
				"node": ">= 10"
			},
			"funding": {
				"type": "github",
				"url": "https://github.com/sponsors/Brooooooklyn"
			}
		},
		"node_modules/langmail-darwin-arm64": {
			"optional": true
		},
		"node_modules/langmail-darwin-x64": {
			"optional": true
		},
		"node_modules/langmail-linux-arm64-gnu": {
			"optional": true
		},
		"node_modules/langmail-linux-x64-gnu": {
			"optional": true
		},
		"node_modules/langmail-win32-x64-msvc": {
			"optional": true
		}
	}
}
