{
	"name": "langmail",
	"version": "0.2.2",
	"lockfileVersion": 3,
	"requires": true,
	"packages": {
		"": {
			"name": "langmail",
			"version": "0.2.2",
			"license": "MIT OR Apache-2.0",
			"devDependencies": {
				"@napi-rs/cli": "^2.18.0"
			},
			"engines": {
				"node": ">= 18"
			},
			"optionalDependencies": {
				"langmail-darwin-arm64": "0.2.1",
				"langmail-darwin-x64": "0.2.1",
				"langmail-linux-arm64-gnu": "0.2.1",
				"langmail-linux-x64-gnu": "0.2.1",
				"langmail-win32-x64-msvc": "0.2.1"
			}
		},
		"node_modules/@napi-rs/cli": {
			"version": "2.18.4",
			"resolved": "https://registry.npmjs.org/@napi-rs/cli/-/cli-2.18.4.tgz",
			"integrity": "sha512-SgJeA4df9DE2iAEpr3M2H0OKl/yjtg1BnRI5/JyowS71tUWhrfSu2LT0V3vlHET+g1hBVlrO60PmEXwUEKp8Mg==",
			"dev": true,
			"license": "MIT",
			"bin": {
				"napi": "scripts/index.js"
			},
			"engines": {
				"node": ">= 10"
			},
			"funding": {
				"type": "github",
				"url": "https://github.com/sponsors/Brooooooklyn"
			}
		},
		"node_modules/langmail-darwin-arm64": {
			"version": "0.2.1",
			"resolved": "https://registry.npmjs.org/langmail-darwin-arm64/-/langmail-darwin-arm64-0.2.1.tgz",
			"integrity": "sha512-TVaxYQkJbXhiAwnEl6bfXUnNiOHfZlAkRjMY/ZL/gaDgD0EkrQbMCEGWEUYnAfbwLZ7p0gP+hK/koSM+WI88zA==",
			"cpu": [
				"arm64"
			],
			"license": "MIT OR Apache-2.0",
			"optional": true,
			"os": [
				"darwin"
			],
			"engines": {
				"node": ">= 18"
			}
		},
		"node_modules/langmail-darwin-x64": {
			"version": "0.2.1",
			"resolved": "https://registry.npmjs.org/langmail-darwin-x64/-/langmail-darwin-x64-0.2.1.tgz",
			"integrity": "sha512-6swIoGbJcQYlbxSCFVAVkyjUbokhCmOaw8YWFx7gK4n/SJLxLic4wziP5iSyJJHoOYLD53dE98gBRTTd9A/c9g==",
			"cpu": [
				"x64"
			],
			"license": "MIT OR Apache-2.0",
			"optional": true,
			"os": [
				"darwin"
			],
			"engines": {
				"node": ">= 18"
			}
		},
		"node_modules/langmail-linux-arm64-gnu": {
			"version": "0.2.1",
			"resolved": "https://registry.npmjs.org/langmail-linux-arm64-gnu/-/langmail-linux-arm64-gnu-0.2.1.tgz",
			"integrity": "sha512-GNnP/98L8F9AtU7JJTPtQkTLjpZe0iIs10Zzn2qDAl+z8zXdya4Bx+vHpVtF588VRiB1X+/5px1Xl35VCYPX6w==",
			"cpu": [
				"arm64"
			],
			"license": "MIT OR Apache-2.0",
			"optional": true,
			"os": [
				"linux"
			],
			"engines": {
				"node": ">= 18"
			}
		},
		"node_modules/langmail-linux-x64-gnu": {
			"version": "0.2.1",
			"resolved": "https://registry.npmjs.org/langmail-linux-x64-gnu/-/langmail-linux-x64-gnu-0.2.1.tgz",
			"integrity": "sha512-27SkndHwBA64ezBlvsxIAiKIXDbpLaaGgNJ5WujdTEhQVpQ4LtZ2uktSSIPJWv9IJ/1JuZPqJRNw9biTnPtRfg==",
			"cpu": [
				"x64"
			],
			"license": "MIT OR Apache-2.0",
			"optional": true,
			"os": [
				"linux"
			],
			"engines": {
				"node": ">= 18"
			}
		},
		"node_modules/langmail-win32-x64-msvc": {
			"version": "0.2.1",
			"resolved": "https://registry.npmjs.org/langmail-win32-x64-msvc/-/langmail-win32-x64-msvc-0.2.1.tgz",
			"integrity": "sha512-bpLX25si6iYDt0ELue+GhKrYQt9ENXYKC9US22xwAn6O1PQAiEz6kCwl7vbdJ1eHKuE9CPmo/mKYeMKPraarfQ==",
			"cpu": [
				"x64"
			],
			"license": "MIT OR Apache-2.0",
			"optional": true,
			"os": [
				"win32"
			],
			"engines": {
				"node": ">= 18"
			}
		}
	}
}
